// !$*UTF8*$!
{
	archiveVersion = 1;
	classes = {
	};
	objectVersion = 55;
	objects = {

/* Begin PBXBuildFile section */
		3AA2ADA62899679A00AA4B7B /* AppDelegate.swift in Sources */ = {isa = PBXBuildFile; fileRef = 3AA2ADA52899679A00AA4B7B /* AppDelegate.swift */; };
		3AA2ADA82899679A00AA4B7B /* SceneDelegate.swift in Sources */ = {isa = PBXBuildFile; fileRef = 3AA2ADA72899679A00AA4B7B /* SceneDelegate.swift */; };
		3AA2ADAA2899679A00AA4B7B /* IssueViewController.swift in Sources */ = {isa = PBXBuildFile; fileRef = 3AA2ADA92899679A00AA4B7B /* IssueViewController.swift */; };
		3AA2ADAD2899679A00AA4B7B /* Main.storyboard in Resources */ = {isa = PBXBuildFile; fileRef = 3AA2ADAB2899679A00AA4B7B /* Main.storyboard */; };
		3AA2ADB02899679A00AA4B7B /* NeighborhoodCare.xcdatamodeld in Sources */ = {isa = PBXBuildFile; fileRef = 3AA2ADAE2899679A00AA4B7B /* NeighborhoodCare.xcdatamodeld */; };
		3AA2ADB2289967A500AA4B7B /* Assets.xcassets in Resources */ = {isa = PBXBuildFile; fileRef = 3AA2ADB1289967A500AA4B7B /* Assets.xcassets */; };
		3AA2ADB5289967A500AA4B7B /* LaunchScreen.storyboard in Resources */ = {isa = PBXBuildFile; fileRef = 3AA2ADB3289967A500AA4B7B /* LaunchScreen.storyboard */; };
		3AA2ADBD2899AD2D00AA4B7B /* IssuesTableViewController.swift in Sources */ = {isa = PBXBuildFile; fileRef = 3AA2ADBC2899AD2C00AA4B7B /* IssuesTableViewController.swift */; };
		3AA2ADBF2899DC7000AA4B7B /* IssueFormViewController.swift in Sources */ = {isa = PBXBuildFile; fileRef = 3AA2ADBE2899DC7000AA4B7B /* IssueFormViewController.swift */; };
		3AA2ADC12899F65900AA4B7B /* UIViewControler+Context.swift in Sources */ = {isa = PBXBuildFile; fileRef = 3AA2ADC02899F65900AA4B7B /* UIViewControler+Context.swift */; };
		3AA2ADC32899FAEA00AA4B7B /* IssueTableViewCell.swift in Sources */ = {isa = PBXBuildFile; fileRef = 3AA2ADC22899FAEA00AA4B7B /* IssueTableViewCell.swift */; };
/* End PBXBuildFile section */

/* Begin PBXFileReference section */
		3AA2ADA22899679A00AA4B7B /* NeighborhoodCare.app */ = {isa = PBXFileReference; explicitFileType = wrapper.application; includeInIndex = 0; path = NeighborhoodCare.app; sourceTree = BUILT_PRODUCTS_DIR; };
		3AA2ADA52899679A00AA4B7B /* AppDelegate.swift */ = {isa = PBXFileReference; lastKnownFileType = sourcecode.swift; path = AppDelegate.swift; sourceTree = "<group>"; };
		3AA2ADA72899679A00AA4B7B /* SceneDelegate.swift */ = {isa = PBXFileReference; lastKnownFileType = sourcecode.swift; path = SceneDelegate.swift; sourceTree = "<group>"; };
		3AA2ADA92899679A00AA4B7B /* IssueViewController.swift */ = {isa = PBXFileReference; lastKnownFileType = sourcecode.swift; path = IssueViewController.swift; sourceTree = "<group>"; };
		3AA2ADAC2899679A00AA4B7B /* Base */ = {isa = PBXFileReference; lastKnownFileType = file.storyboard; name = Base; path = Base.lproj/Main.storyboard; sourceTree = "<group>"; };
		3AA2ADAF2899679A00AA4B7B /* NeighborhoodCare.xcdatamodel */ = {isa = PBXFileReference; lastKnownFileType = wrapper.xcdatamodel; path = NeighborhoodCare.xcdatamodel; sourceTree = "<group>"; };
		3AA2ADB1289967A500AA4B7B /* Assets.xcassets */ = {isa = PBXFileReference; lastKnownFileType = folder.assetcatalog; path = Assets.xcassets; sourceTree = "<group>"; };
		3AA2ADB4289967A500AA4B7B /* Base */ = {isa = PBXFileReference; lastKnownFileType = file.storyboard; name = Base; path = Base.lproj/LaunchScreen.storyboard; sourceTree = "<group>"; };
		3AA2ADB6289967A500AA4B7B /* Info.plist */ = {isa = PBXFileReference; lastKnownFileType = text.plist.xml; path = Info.plist; sourceTree = "<group>"; };
		3AA2ADBC2899AD2C00AA4B7B /* IssuesTableViewController.swift */ = {isa = PBXFileReference; lastKnownFileType = sourcecode.swift; path = IssuesTableViewController.swift; sourceTree = "<group>"; };
		3AA2ADBE2899DC7000AA4B7B /* IssueFormViewController.swift */ = {isa = PBXFileReference; lastKnownFileType = sourcecode.swift; path = IssueFormViewController.swift; sourceTree = "<group>"; };
		3AA2ADC02899F65900AA4B7B /* UIViewControler+Context.swift */ = {isa = PBXFileReference; lastKnownFileType = sourcecode.swift; path = "UIViewControler+Context.swift"; sourceTree = "<group>"; };
		3AA2ADC22899FAEA00AA4B7B /* IssueTableViewCell.swift */ = {isa = PBXFileReference; lastKnownFileType = sourcecode.swift; path = IssueTableViewCell.swift; sourceTree = "<group>"; };
/* End PBXFileReference section */

/* Begin PBXFrameworksBuildPhase section */
		3AA2AD9F2899679A00AA4B7B /* Frameworks */ = {
			isa = PBXFrameworksBuildPhase;
			buildActionMask = 2147483647;
			files = (
			);
			runOnlyForDeploymentPostprocessing = 0;
		};
/* End PBXFrameworksBuildPhase section */

/* Begin PBXGroup section */
		3AA2AD992899679900AA4B7B = {
			isa = PBXGroup;
			children = (
				3AA2ADA42899679A00AA4B7B /* NeighborhoodCare */,
				3AA2ADA32899679A00AA4B7B /* Products */,
			);
			sourceTree = "<group>";
		};
		3AA2ADA32899679A00AA4B7B /* Products */ = {
			isa = PBXGroup;
			children = (
				3AA2ADA22899679A00AA4B7B /* NeighborhoodCare.app */,
			);
			name = Products;
			sourceTree = "<group>";
		};
		3AA2ADA42899679A00AA4B7B /* NeighborhoodCare */ = {
			isa = PBXGroup;
			children = (
				3AA2ADA52899679A00AA4B7B /* AppDelegate.swift */,
				3AA2ADA72899679A00AA4B7B /* SceneDelegate.swift */,
				3AA2ADA92899679A00AA4B7B /* IssueViewController.swift */,
				3AA2ADC22899FAEA00AA4B7B /* IssueTableViewCell.swift */,
				3AA2ADBC2899AD2C00AA4B7B /* IssuesTableViewController.swift */,
				3AA2ADBE2899DC7000AA4B7B /* IssueFormViewController.swift */,
				3AA2ADC02899F65900AA4B7B /* UIViewControler+Context.swift */,
				3AA2ADAB2899679A00AA4B7B /* Main.storyboard */,
				3AA2ADAE2899679A00AA4B7B /* NeighborhoodCare.xcdatamodeld */,
				3AA2ADB1289967A500AA4B7B /* Assets.xcassets */,
				3AA2ADB3289967A500AA4B7B /* LaunchScreen.storyboard */,
				3AA2ADB6289967A500AA4B7B /* Info.plist */,
			);
			path = NeighborhoodCare;
			sourceTree = "<group>";
		};
/* End PBXGroup section */

/* Begin PBXNativeTarget section */
		3AA2ADA12899679A00AA4B7B /* NeighborhoodCare */ = {
			isa = PBXNativeTarget;
			buildConfigurationList = 3AA2ADB9289967A500AA4B7B /* Build configuration list for PBXNativeTarget "NeighborhoodCare" */;
			buildPhases = (
				3AA2AD9E2899679A00AA4B7B /* Sources */,
				3AA2AD9F2899679A00AA4B7B /* Frameworks */,
				3AA2ADA02899679A00AA4B7B /* Resources */,
			);
			buildRules = (
			);
			dependencies = (
			);
			name = NeighborhoodCare;
			productName = NeighborhoodCare;
			productReference = 3AA2ADA22899679A00AA4B7B /* NeighborhoodCare.app */;
			productType = "com.apple.product-type.application";
		};
/* End PBXNativeTarget section */

/* Begin PBXProject section */
		3AA2AD9A2899679900AA4B7B /* Project object */ = {
			isa = PBXProject;
			attributes = {
				BuildIndependentTargetsInParallel = 1;
				LastSwiftUpdateCheck = 1320;
				LastUpgradeCheck = 1320;
				TargetAttributes = {
					3AA2ADA12899679A00AA4B7B = {
						CreatedOnToolsVersion = 13.2.1;
					};
				};
			};
			buildConfigurationList = 3AA2AD9D2899679900AA4B7B /* Build configuration list for PBXProject "NeighborhoodCare" */;
			compatibilityVersion = "Xcode 13.0";
			developmentRegion = en;
			hasScannedForEncodings = 0;
			knownRegions = (
				en,
				Base,
			);
			mainGroup = 3AA2AD992899679900AA4B7B;
			productRefGroup = 3AA2ADA32899679A00AA4B7B /* Products */;
			projectDirPath = "";
			projectRoot = "";
			targets = (
				3AA2ADA12899679A00AA4B7B /* NeighborhoodCare */,
			);
		};
/* End PBXProject section */

/* Begin PBXResourcesBuildPhase section */
		3AA2ADA02899679A00AA4B7B /* Resources */ = {
			isa = PBXResourcesBuildPhase;
			buildActionMask = 2147483647;
			files = (
				3AA2ADB5289967A500AA4B7B /* LaunchScreen.storyboard in Resources */,
				3AA2ADB2289967A500AA4B7B /* Assets.xcassets in Resources */,
				3AA2ADAD2899679A00AA4B7B /* Main.storyboard in Resources */,
			);
			runOnlyForDeploymentPostprocessing = 0;
		};
/* End PBXResourcesBuildPhase section */

/* Begin PBXSourcesBuildPhase section */
		3AA2AD9E2899679A00AA4B7B /* Sources */ = {
			isa = PBXSourcesBuildPhase;
			buildActionMask = 2147483647;
			files = (
				3AA2ADB02899679A00AA4B7B /* NeighborhoodCare.xcdatamodeld in Sources */,
				3AA2ADAA2899679A00AA4B7B /* IssueViewController.swift in Sources */,
				3AA2ADBF2899DC7000AA4B7B /* IssueFormViewController.swift in Sources */,
				3AA2ADBD2899AD2D00AA4B7B /* IssuesTableViewController.swift in Sources */,
				3AA2ADA62899679A00AA4B7B /* AppDelegate.swift in Sources */,
				3AA2ADC12899F65900AA4B7B /* UIViewControler+Context.swift in Sources */,
				3AA2ADA82899679A00AA4B7B /* SceneDelegate.swift in Sources */,
				3AA2ADC32899FAEA00AA4B7B /* IssueTableViewCell.swift in Sources */,
			);
			runOnlyForDeploymentPostprocessing = 0;
		};
/* End PBXSourcesBuildPhase section */

/* Begin PBXVariantGroup section */
		3AA2ADAB2899679A00AA4B7B /* Main.storyboard */ = {
			isa = PBXVariantGroup;
			children = (
				3AA2ADAC2899679A00AA4B7B /* Base */,
			);
			name = Main.storyboard;
			sourceTree = "<group>";
		};
		3AA2ADB3289967A500AA4B7B /* LaunchScreen.storyboard */ = {
			isa = PBXVariantGroup;
			children = (
				3AA2ADB4289967A500AA4B7B /* Base */,
			);
			name = LaunchScreen.storyboard;
			sourceTree = "<group>";
		};
/* End PBXVariantGroup section */

/* Begin XCBuildConfiguration section */
		3AA2ADB7289967A500AA4B7B /* Debug */ = {
			isa = XCBuildConfiguration;
			buildSettings = {
				ALWAYS_SEARCH_USER_PATHS = NO;
				CLANG_ANALYZER_NONNULL = YES;
				CLANG_ANALYZER_NUMBER_OBJECT_CONVERSION = YES_AGGRESSIVE;
				CLANG_CXX_LANGUAGE_STANDARD = "gnu++17";
				CLANG_CXX_LIBRARY = "libc++";
				CLANG_ENABLE_MODULES = YES;
				CLANG_ENABLE_OBJC_ARC = YES;
				CLANG_ENABLE_OBJC_WEAK = YES;
				CLANG_WARN_BLOCK_CAPTURE_AUTORELEASING = YES;
				CLANG_WARN_BOOL_CONVERSION = YES;
				CLANG_WARN_COMMA = YES;
				CLANG_WARN_CONSTANT_CONVERSION = YES;
				CLANG_WARN_DEPRECATED_OBJC_IMPLEMENTATIONS = YES;
				CLANG_WARN_DIRECT_OBJC_ISA_USAGE = YES_ERROR;
				CLANG_WARN_DOCUMENTATION_COMMENTS = YES;
				CLANG_WARN_EMPTY_BODY = YES;
				CLANG_WARN_ENUM_CONVERSION = YES;
				CLANG_WARN_INFINITE_RECURSION = YES;
				CLANG_WARN_INT_CONVERSION = YES;
				CLANG_WARN_NON_LITERAL_NULL_CONVERSION = YES;
				CLANG_WARN_OBJC_IMPLICIT_RETAIN_SELF = YES;
				CLANG_WARN_OBJC_LITERAL_CONVERSION = YES;
				CLANG_WARN_OBJC_ROOT_CLASS = YES_ERROR;
				CLANG_WARN_QUOTED_INCLUDE_IN_FRAMEWORK_HEADER = YES;
				CLANG_WARN_RANGE_LOOP_ANALYSIS = YES;
				CLANG_WARN_STRICT_PROTOTYPES = YES;
				CLANG_WARN_SUSPICIOUS_MOVE = YES;
				CLANG_WARN_UNGUARDED_AVAILABILITY = YES_AGGRESSIVE;
				CLANG_WARN_UNREACHABLE_CODE = YES;
				CLANG_WARN__DUPLICATE_METHOD_MATCH = YES;
				COPY_PHASE_STRIP = NO;
				DEBUG_INFORMATION_FORMAT = dwarf;
				ENABLE_STRICT_OBJC_MSGSEND = YES;
				ENABLE_TESTABILITY = YES;
				GCC_C_LANGUAGE_STANDARD = gnu11;
				GCC_DYNAMIC_NO_PIC = NO;
				GCC_NO_COMMON_BLOCKS = YES;
				GCC_OPTIMIZATION_LEVEL = 0;
				GCC_PREPROCESSOR_DEFINITIONS = (
					"DEBUG=1",
					"$(inherited)",
				);
				GCC_WARN_64_TO_32_BIT_CONVERSION = YES;
				GCC_WARN_ABOUT_RETURN_TYPE = YES_ERROR;
				GCC_WARN_UNDECLARED_SELECTOR = YES;
				GCC_WARN_UNINITIALIZED_AUTOS = YES_AGGRESSIVE;
				GCC_WARN_UNUSED_FUNCTION = YES;
				GCC_WARN_UNUSED_VARIABLE = YES;
				IPHONEOS_DEPLOYMENT_TARGET = 15.2;
				MTL_ENABLE_DEBUG_INFO = INCLUDE_SOURCE;
				MTL_FAST_MATH = YES;
				ONLY_ACTIVE_ARCH = YES;
				SDKROOT = iphoneos;
				SWIFT_ACTIVE_COMPILATION_CONDITIONS = DEBUG;
				SWIFT_OPTIMIZATION_LEVEL = "-Onone";
			};
			name = Debug;
		};
		3AA2ADB8289967A500AA4B7B /* Release */ = {
			isa = XCBuildConfiguration;
			buildSettings = {
				ALWAYS_SEARCH_USER_PATHS = NO;
				CLANG_ANALYZER_NONNULL = YES;
				CLANG_ANALYZER_NUMBER_OBJECT_CONVERSION = YES_AGGRESSIVE;
				CLANG_CXX_LANGUAGE_STANDARD = "gnu++17";
				CLANG_CXX_LIBRARY = "libc++";
				CLANG_ENABLE_MODULES = YES;
				CLANG_ENABLE_OBJC_ARC = YES;
				CLANG_ENABLE_OBJC_WEAK = YES;
				CLANG_WARN_BLOCK_CAPTURE_AUTORELEASING = YES;
				CLANG_WARN_BOOL_CONVERSION = YES;
				CLANG_WARN_COMMA = YES;
				CLANG_WARN_CONSTANT_CONVERSION = YES;
				CLANG_WARN_DEPRECATED_OBJC_IMPLEMENTATIONS = YES;
				CLANG_WARN_DIRECT_OBJC_ISA_USAGE = YES_ERROR;
				CLANG_WARN_DOCUMENTATION_COMMENTS = YES;
				CLANG_WARN_EMPTY_BODY = YES;
				CLANG_WARN_ENUM_CONVERSION = YES;
				CLANG_WARN_INFINITE_RECURSION = YES;
				CLANG_WARN_INT_CONVERSION = YES;
				CLANG_WARN_NON_LITERAL_NULL_CONVERSION = YES;
				CLANG_WARN_OBJC_IMPLICIT_RETAIN_SELF = YES;
				CLANG_WARN_OBJC_LITERAL_CONVERSION = YES;
				CLANG_WARN_OBJC_ROOT_CLASS = YES_ERROR;
				CLANG_WARN_QUOTED_INCLUDE_IN_FRAMEWORK_HEADER = YES;
				CLANG_WARN_RANGE_LOOP_ANALYSIS = YES;
				CLANG_WARN_STRICT_PROTOTYPES = YES;
				CLANG_WARN_SUSPICIOUS_MOVE = YES;
				CLANG_WARN_UNGUARDED_AVAILABILITY = YES_AGGRESSIVE;
				CLANG_WARN_UNREACHABLE_CODE = YES;
				CLANG_WARN__DUPLICATE_METHOD_MATCH = YES;
				COPY_PHASE_STRIP = NO;
				DEBUG_INFORMATION_FORMAT = "dwarf-with-dsym";
				ENABLE_NS_ASSERTIONS = NO;
				ENABLE_STRICT_OBJC_MSGSEND = YES;
				GCC_C_LANGUAGE_STANDARD = gnu11;
				GCC_NO_COMMON_BLOCKS = YES;
				GCC_WARN_64_TO_32_BIT_CONVERSION = YES;
				GCC_WARN_ABOUT_RETURN_TYPE = YES_ERROR;
				GCC_WARN_UNDECLARED_SELECTOR = YES;
				GCC_WARN_UNINITIALIZED_AUTOS = YES_AGGRESSIVE;
				GCC_WARN_UNUSED_FUNCTION = YES;
				GCC_WARN_UNUSED_VARIABLE = YES;
				IPHONEOS_DEPLOYMENT_TARGET = 15.2;
				MTL_ENABLE_DEBUG_INFO = NO;
				MTL_FAST_MATH = YES;
				SDKROOT = iphoneos;
				SWIFT_COMPILATION_MODE = wholemodule;
				SWIFT_OPTIMIZATION_LEVEL = "-O";
				VALIDATE_PRODUCT = YES;
			};
			name = Release;
		};
		3AA2ADBA289967A500AA4B7B /* Debug */ = {
			isa = XCBuildConfiguration;
			buildSettings = {
				ASSETCATALOG_COMPILER_APPICON_NAME = AppIcon;
				ASSETCATALOG_COMPILER_GLOBAL_ACCENT_COLOR_NAME = AccentColor;
				CODE_SIGN_STYLE = Automatic;
				CURRENT_PROJECT_VERSION = 1;
				GENERATE_INFOPLIST_FILE = YES;
				INFOPLIST_FILE = NeighborhoodCare/Info.plist;
				INFOPLIST_KEY_UIApplicationSupportsIndirectInputEvents = YES;
				INFOPLIST_KEY_UILaunchStoryboardName = LaunchScreen;
				INFOPLIST_KEY_UIMainStoryboardFile = Main;
				INFOPLIST_KEY_UISupportedInterfaceOrientations_iPad = "UIInterfaceOrientationPortrait UIInterfaceOrientationPortraitUpsideDown UIInterfaceOrientationLandscapeLeft UIInterfaceOrientationLandscapeRight";
				INFOPLIST_KEY_UISupportedInterfaceOrientations_iPhone = "UIInterfaceOrientationPortrait UIInterfaceOrientationLandscapeLeft UIInterfaceOrientationLandscapeRight";
				LD_RUNPATH_SEARCH_PATHS = (
					"$(inherited)",
					"@executable_path/Frameworks",
				);
				MARKETING_VERSION = 1.0;
				PRODUCT_BUNDLE_IDENTIFIER = br.com.apfjuliano.NeighborhoodCare;
				PRODUCT_NAME = "$(TARGET_NAME)";
				SWIFT_EMIT_LOC_STRINGS = YES;
				SWIFT_VERSION = 5.0;
				TARGETED_DEVICE_FAMILY = "1,2";
			};
			name = Debug;
		};
		3AA2ADBB289967A500AA4B7B /* Release */ = {
			isa = XCBuildConfiguration;
			buildSettings = {
				ASSETCATALOG_COMPILER_APPICON_NAME = AppIcon;
				ASSETCATALOG_COMPILER_GLOBAL_ACCENT_COLOR_NAME = AccentColor;
				CODE_SIGN_STYLE = Automatic;
				CURRENT_PROJECT_VERSION = 1;
				GENERATE_INFOPLIST_FILE = YES;
				INFOPLIST_FILE = NeighborhoodCare/Info.plist;
				INFOPLIST_KEY_UIApplicationSupportsIndirectInputEvents = YES;
				INFOPLIST_KEY_UILaunchStoryboardName = LaunchScreen;
				INFOPLIST_KEY_UIMainStoryboardFile = Main;
				INFOPLIST_KEY_UISupportedInterfaceOrientations_iPad = "UIInterfaceOrientationPortrait UIInterfaceOrientationPortraitUpsideDown UIInterfaceOrientationLandscapeLeft UIInterfaceOrientationLandscapeRight";
				INFOPLIST_KEY_UISupportedInterfaceOrientations_iPhone = "UIInterfaceOrientationPortrait UIInterfaceOrientationLandscapeLeft UIInterfaceOrientationLandscapeRight";
				LD_RUNPATH_SEARCH_PATHS = (
					"$(inherited)",
					"@executable_path/Frameworks",
				);
				MARKETING_VERSION = 1.0;
				PRODUCT_BUNDLE_IDENTIFIER = br.com.apfjuliano.NeighborhoodCare;
				PRODUCT_NAME = "$(TARGET_NAME)";
				SWIFT_EMIT_LOC_STRINGS = YES;
				SWIFT_VERSION = 5.0;
				TARGETED_DEVICE_FAMILY = "1,2";
			};
			name = Release;
		};
/* End XCBuildConfiguration section */

/* Begin XCConfigurationList section */
		3AA2AD9D2899679900AA4B7B /* Build configuration list for PBXProject "NeighborhoodCare" */ = {
			isa = XCConfigurationList;
			buildConfigurations = (
				3AA2ADB7289967A500AA4B7B /* Debug */,
				3AA2ADB8289967A500AA4B7B /* Release */,
			);
			defaultConfigurationIsVisible = 0;
			defaultConfigurationName = Release;
		};
		3AA2ADB9289967A500AA4B7B /* Build configuration list for PBXNativeTarget "NeighborhoodCare" */ = {
			isa = XCConfigurationList;
			buildConfigurations = (
				3AA2ADBA289967A500AA4B7B /* Debug */,
				3AA2ADBB289967A500AA4B7B /* Release */,
			);
			defaultConfigurationIsVisible = 0;
			defaultConfigurationName = Release;
		};
/* End XCConfigurationList section */

/* Begin XCVersionGroup section */
		3AA2ADAE2899679A00AA4B7B /* NeighborhoodCare.xcdatamodeld */ = {
			isa = XCVersionGroup;
			children = (
				3AA2ADAF2899679A00AA4B7B /* NeighborhoodCare.xcdatamodel */,
			);
			currentVersion = 3AA2ADAF2899679A00AA4B7B /* NeighborhoodCare.xcdatamodel */;
			path = NeighborhoodCare.xcdatamodeld;
			sourceTree = "<group>";
			versionGroupType = wrapper.xcdatamodel;
		};
/* End XCVersionGroup section */
	};
	rootObject = 3AA2AD9A2899679900AA4B7B /* Project object */;
}
